
Microsoft Visual Studio Solution File, Format Version 12.00
# Visual Studio Version 17
VisualStudioVersion = 17.3.32811.315
MinimumVisualStudioVersion = 10.0.40219.1
Project("{FAE04EC0-301F-11D3-BF4B-00C04F79EFBC}") = "Web", "Web\Web.csproj", "{70CD0F3A-20FC-438E-942D-ACA704BDF83E}"
EndProject
Project("{FAE04EC0-301F-11D3-BF4B-00C04F79EFBC}") = "CSharp", "CSharp\CSharp.csproj", "{7278F44A-7E31-4238-B670-DEABAEEF9DF8}"
EndProject
Project("{FAE04EC0-301F-11D3-BF4B-00C04F79EFBC}") = "01Controller", "01Controller\01Controller.csproj", "{696B7A36-FFE2-4886-8356-E4AFEE6FDCC8}"
EndProject
Project("{FAE04EC0-301F-11D3-BF4B-00C04F79EFBC}") = "02View", "02View\02View.csproj", "{18DB3C19-FA5F-4728-A9DB-00C3048FE337}"
EndProject
Project("{FAE04EC0-301F-11D3-BF4B-00C04F79EFBC}") = "03Model", "03Model\03Model.csproj", "{D24F2FA0-96A1-455A-B3C5-44AC51DE9A5D}"
EndProject
Project("{FAE04EC0-301F-11D3-BF4B-00C04F79EFBC}") = "Practice01", "Practice01\Practice01.csproj", "{0F19B82A-7A48-4774-9759-D90CADB9DC67}"
EndProject
Project("{FAE04EC0-301F-11D3-BF4B-00C04F79EFBC}") = "04ViewModel", "04ViewModel\04ViewModel.csproj", "{5F984C75-D37F-4893-87D2-356CF642BE2A}"
EndProject
Project("{FAE04EC0-301F-11D3-BF4B-00C04F79EFBC}") = "RWD", "RWD\RWD.csproj", "{8417FEF5-1C61-4443-9B17-1B7D3BC498EF}"
EndProject
Project("{FAE04EC0-301F-11D3-BF4B-00C04F79EFBC}") = "MCSDD10", "MCSDD10\MCSDD10.csproj", "{C84EFDEC-1E92-49A6-A4A4-330EBAD4CC82}"
EndProject
Project("{FAE04EC0-301F-11D3-BF4B-00C04F79EFBC}") = "05CustomValidation", "05CustomValidation\05CustomValidation.csproj", "{B3DD0068-85AD-43EA-8517-C9903D94E3C5}"
EndProject
Project("{FAE04EC0-301F-11D3-BF4B-00C04F79EFBC}") = "06ADOnet", "06ADOnet\06ADOnet.csproj", "{F86DCE51-530F-4B6C-B17F-D82C8C3DB781}"
EndProject
Project("{FAE04EC0-301F-11D3-BF4B-00C04F79EFBC}") = "AMWP", "AMWP\AMWP.csproj", "{7F70BD33-6793-4E40-8A5E-92B9E3C599C5}"
EndProject
Project("{FAE04EC0-301F-11D3-BF4B-00C04F79EFBC}") = "07WebAPI", "07WebAPI\07WebAPI.csproj", "{7B27A762-75C5-4689-9136-D362376EDA54}"
EndProject
Global
	GlobalSection(SolutionConfigurationPlatforms) = preSolution
		Debug|Any CPU = Debug|Any CPU
		Release|Any CPU = Release|Any CPU
	EndGlobalSection
	GlobalSection(ProjectConfigurationPlatforms) = postSolution
		{70CD0F3A-20FC-438E-942D-ACA704BDF83E}.Debug|Any CPU.ActiveCfg = Debug|Any CPU
		{70CD0F3A-20FC-438E-942D-ACA704BDF83E}.Debug|Any CPU.Build.0 = Debug|Any CPU
		{70CD0F3A-20FC-438E-942D-ACA704BDF83E}.Release|Any CPU.ActiveCfg = Release|Any CPU
		{70CD0F3A-20FC-438E-942D-ACA704BDF83E}.Release|Any CPU.Build.0 = Release|Any CPU
		{7278F44A-7E31-4238-B670-DEABAEEF9DF8}.Debug|Any CPU.ActiveCfg = Debug|Any CPU
		{7278F44A-7E31-4238-B670-DEABAEEF9DF8}.Debug|Any CPU.Build.0 = Debug|Any CPU
		{7278F44A-7E31-4238-B670-DEABAEEF9DF8}.Release|Any CPU.ActiveCfg = Release|Any CPU
		{7278F44A-7E31-4238-B670-DEABAEEF9DF8}.Release|Any CPU.Build.0 = Release|Any CPU
		{696B7A36-FFE2-4886-8356-E4AFEE6FDCC8}.Debug|Any CPU.ActiveCfg = Debug|Any CPU
		{696B7A36-FFE2-4886-8356-E4AFEE6FDCC8}.Debug|Any CPU.Build.0 = Debug|Any CPU
		{696B7A36-FFE2-4886-8356-E4AFEE6FDCC8}.Release|Any CPU.ActiveCfg = Release|Any CPU
		{696B7A36-FFE2-4886-8356-E4AFEE6FDCC8}.Release|Any CPU.Build.0 = Release|Any CPU
		{18DB3C19-FA5F-4728-A9DB-00C3048FE337}.Debug|Any CPU.ActiveCfg = Debug|Any CPU
		{18DB3C19-FA5F-4728-A9DB-00C3048FE337}.Debug|Any CPU.Build.0 = Debug|Any CPU
		{18DB3C19-FA5F-4728-A9DB-00C3048FE337}.Release|Any CPU.ActiveCfg = Release|Any CPU
		{18DB3C19-FA5F-4728-A9DB-00C3048FE337}.Release|Any CPU.Build.0 = Release|Any CPU
		{D24F2FA0-96A1-455A-B3C5-44AC51DE9A5D}.Debug|Any CPU.ActiveCfg = Debug|Any CPU
		{D24F2FA0-96A1-455A-B3C5-44AC51DE9A5D}.Debug|Any CPU.Build.0 = Debug|Any CPU
		{D24F2FA0-96A1-455A-B3C5-44AC51DE9A5D}.Release|Any CPU.ActiveCfg = Release|Any CPU
		{D24F2FA0-96A1-455A-B3C5-44AC51DE9A5D}.Release|Any CPU.Build.0 = Release|Any CPU
		{0F19B82A-7A48-4774-9759-D90CADB9DC67}.Debug|Any CPU.ActiveCfg = Debug|Any CPU
		{0F19B82A-7A48-4774-9759-D90CADB9DC67}.Debug|Any CPU.Build.0 = Debug|Any CPU
		{0F19B82A-7A48-4774-9759-D90CADB9DC67}.Release|Any CPU.ActiveCfg = Release|Any CPU
		{0F19B82A-7A48-4774-9759-D90CADB9DC67}.Release|Any CPU.Build.0 = Release|Any CPU
		{5F984C75-D37F-4893-87D2-356CF642BE2A}.Debug|Any CPU.ActiveCfg = Debug|Any CPU
		{5F984C75-D37F-4893-87D2-356CF642BE2A}.Debug|Any CPU.Build.0 = Debug|Any CPU
		{5F984C75-D37F-4893-87D2-356CF642BE2A}.Release|Any CPU.ActiveCfg = Release|Any CPU
		{5F984C75-D37F-4893-87D2-356CF642BE2A}.Release|Any CPU.Build.0 = Release|Any CPU
		{8417FEF5-1C61-4443-9B17-1B7D3BC498EF}.Debug|Any CPU.ActiveCfg = Debug|Any CPU
		{8417FEF5-1C61-4443-9B17-1B7D3BC498EF}.Debug|Any CPU.Build.0 = Debug|Any CPU
		{8417FEF5-1C61-4443-9B17-1B7D3BC498EF}.Release|Any CPU.ActiveCfg = Release|Any CPU
		{8417FEF5-1C61-4443-9B17-1B7D3BC498EF}.Release|Any CPU.Build.0 = Release|Any CPU
		{C84EFDEC-1E92-49A6-A4A4-330EBAD4CC82}.Debug|Any CPU.ActiveCfg = Debug|Any CPU
		{C84EFDEC-1E92-49A6-A4A4-330EBAD4CC82}.Debug|Any CPU.Build.0 = Debug|Any CPU
		{C84EFDEC-1E92-49A6-A4A4-330EBAD4CC82}.Release|Any CPU.ActiveCfg = Release|Any CPU
		{C84EFDEC-1E92-49A6-A4A4-330EBAD4CC82}.Release|Any CPU.Build.0 = Release|Any CPU
		{B3DD0068-85AD-43EA-8517-C9903D94E3C5}.Debug|Any CPU.ActiveCfg = Debug|Any CPU
		{B3DD0068-85AD-43EA-8517-C9903D94E3C5}.Debug|Any CPU.Build.0 = Debug|Any CPU
		{B3DD0068-85AD-43EA-8517-C9903D94E3C5}.Release|Any CPU.ActiveCfg = Release|Any CPU
		{B3DD0068-85AD-43EA-8517-C9903D94E3C5}.Release|Any CPU.Build.0 = Release|Any CPU
		{F86DCE51-530F-4B6C-B17F-D82C8C3DB781}.Debug|Any CPU.ActiveCfg = Debug|Any CPU
		{F86DCE51-530F-4B6C-B17F-D82C8C3DB781}.Debug|Any CPU.Build.0 = Debug|Any CPU
		{F86DCE51-530F-4B6C-B17F-D82C8C3DB781}.Release|Any CPU.ActiveCfg = Release|Any CPU
		{F86DCE51-530F-4B6C-B17F-D82C8C3DB781}.Release|Any CPU.Build.0 = Release|Any CPU
		{7F70BD33-6793-4E40-8A5E-92B9E3C599C5}.Debug|Any CPU.ActiveCfg = Debug|Any CPU
		{7F70BD33-6793-4E40-8A5E-92B9E3C599C5}.Debug|Any CPU.Build.0 = Debug|Any CPU
		{7F70BD33-6793-4E40-8A5E-92B9E3C599C5}.Release|Any CPU.ActiveCfg = Release|Any CPU
		{7F70BD33-6793-4E40-8A5E-92B9E3C599C5}.Release|Any CPU.Build.0 = Release|Any CPU
		{7B27A762-75C5-4689-9136-D362376EDA54}.Debug|Any CPU.ActiveCfg = Debug|Any CPU
		{7B27A762-75C5-4689-9136-D362376EDA54}.Debug|Any CPU.Build.0 = Debug|Any CPU
		{7B27A762-75C5-4689-9136-D362376EDA54}.Release|Any CPU.ActiveCfg = Release|Any CPU
		{7B27A762-75C5-4689-9136-D362376EDA54}.Release|Any CPU.Build.0 = Release|Any CPU
	EndGlobalSection
	GlobalSection(SolutionProperties) = preSolution
		HideSolutionNode = FALSE
	EndGlobalSection
	GlobalSection(ExtensibilityGlobals) = postSolution
		SolutionGuid = {1C27EBDD-91B8-401A-B167-C63CBC0699D7}
	EndGlobalSection
EndGlobal
